Microsoft Visual Studio Solution File, Format Version 12.00
# Visual Studio Version 17
VisualStudioVersion = 17.5.2.0
MinimumVisualStudioVersion = 10.0.40219.1
Project("{FAE04EC0-301F-11D3-BF4B-00C04F79EFBC}") = "FinIntel", "FinIntel.csproj", "{BB903C47-4B7F-4C57-DFDF-AC8DFACD4517}"
EndProject
Global
	GlobalSection(SolutionConfigurationPlatforms) = preSolution
		Debug|Any CPU = Debug|Any CPU
		Release|Any CPU = Release|Any CPU
	EndGlobalSection
	GlobalSection(ProjectConfigurationPlatforms) = postSolution
		{BB903C47-4B7F-4C57-DFDF-AC8DFACD4517}.Debug|Any CPU.ActiveCfg = Debug|Any CPU
		{BB903C47-4B7F-4C57-DFDF-AC8DFACD4517}.Debug|Any CPU.Build.0 = Debug|Any CPU
		{BB903C47-4B7F-4C57-DFDF-AC8DFACD4517}.Release|Any CPU.ActiveCfg = Release|Any CPU
		{BB903C47-4B7F-4C57-DFDF-AC8DFACD4517}.Release|Any CPU.Build.0 = Release|Any CPU
	EndGlobalSection
	GlobalSection(SolutionProperties) = preSolution
		HideSolutionNode = FALSE
	EndGlobalSection
	GlobalSection(ExtensibilityGlobals) = postSolution
		SolutionGuid = {2433BDA4-E037-4377-9789-92A826AB8F19}
	EndGlobalSection
EndGlobal
